{
  "font_bundle_label": "chp-fonts-v1",
  "files": [
    "CascadiaCode/ttf/CascadiaCode.ttf",
    "CascadiaCode/ttf/CascadiaCodeItalic.ttf",
    "CascadiaCode/ttf/CascadiaCodeNF.ttf",
    "CascadiaCode/ttf/CascadiaCodeNFItalic.ttf",
    "CascadiaCode/ttf/CascadiaCodePL.ttf",
    "CascadiaCode/ttf/CascadiaCodePLItalic.ttf",
    "CascadiaCode/ttf/CascadiaMono.ttf",
    "CascadiaCode/ttf/CascadiaMonoItalic.ttf",
    "CascadiaCode/ttf/CascadiaMonoNF.ttf",
    "CascadiaCode/ttf/CascadiaMonoNFItalic.ttf",
    "CascadiaCode/ttf/CascadiaMonoPL.ttf",
    "CascadiaCode/ttf/CascadiaMonoPLItalic.ttf",
    "CascadiaCode/ttf/static/CascadiaCode-Bold.ttf",
    "CascadiaCode/ttf/static/CascadiaCode-BoldItalic.ttf",
    "CascadiaCode/ttf/static/CascadiaCode-ExtraLight.ttf",
    "CascadiaCode/ttf/static/CascadiaCode-ExtraLightItalic.ttf",
    "CascadiaCode/ttf/static/CascadiaCode-Italic.ttf",
    "CascadiaCode/ttf/static/CascadiaCode-Light.ttf",
    "CascadiaCode/ttf/static/CascadiaCode-LightItalic.ttf",
    "CascadiaCode/ttf/static/CascadiaCode-Regular.ttf",
    "CascadiaCode/ttf/static/CascadiaCode-SemiBold.ttf",
    "CascadiaCode/ttf/static/CascadiaCode-SemiBoldItalic.ttf",
    "CascadiaCode/ttf/static/CascadiaCode-SemiLight.ttf",
    "CascadiaCode/ttf/static/CascadiaCode-SemiLightItalic.ttf",
    "CascadiaCode/ttf/static/CascadiaCodeNF-Bold.ttf",
    "CascadiaCode/ttf/static/CascadiaCodeNF-BoldItalic.ttf",
    "CascadiaCode/ttf/static/CascadiaCodeNF-ExtraLight.ttf",
    "CascadiaCode/ttf/static/CascadiaCodeNF-ExtraLightItalic.ttf",
    "CascadiaCode/ttf/static/CascadiaCodeNF-Italic.ttf",
    "CascadiaCode/ttf/static/CascadiaCodeNF-Light.ttf",
    "CascadiaCode/ttf/static/CascadiaCodeNF-LightItalic.ttf",
    "CascadiaCode/ttf/static/CascadiaCodeNF-Regular.ttf",
    "CascadiaCode/ttf/static/CascadiaCodeNF-SemiBold.ttf",
    "CascadiaCode/ttf/static/CascadiaCodeNF-SemiBoldItalic.ttf",
    "CascadiaCode/ttf/static/CascadiaCodeNF-SemiLight.ttf",
    "CascadiaCode/ttf/static/CascadiaCodeNF-SemiLightItalic.ttf",
    "CascadiaCode/ttf/static/CascadiaCodePL-Bold.ttf",
    "CascadiaCode/ttf/static/CascadiaCodePL-BoldItalic.ttf",
    "CascadiaCode/ttf/static/CascadiaCodePL-ExtraLight.ttf",
    "CascadiaCode/ttf/static/CascadiaCodePL-ExtraLightItalic.ttf",
    "CascadiaCode/ttf/static/CascadiaCodePL-Italic.ttf",
    "CascadiaCode/ttf/static/CascadiaCodePL-Light.ttf",
    "CascadiaCode/ttf/static/CascadiaCodePL-LightItalic.ttf",
    "CascadiaCode/ttf/static/CascadiaCodePL-Regular.ttf",
    "CascadiaCode/ttf/static/CascadiaCodePL-SemiBold.ttf",
    "CascadiaCode/ttf/static/CascadiaCodePL-SemiBoldItalic.ttf",
    "CascadiaCode/ttf/static/CascadiaCodePL-SemiLight.ttf",
    "CascadiaCode/ttf/static/CascadiaCodePL-SemiLightItalic.ttf",
    "CascadiaCode/ttf/static/CascadiaMono-Bold.ttf",
    "CascadiaCode/ttf/static/CascadiaMono-BoldItalic.ttf",
    "CascadiaCode/ttf/static/CascadiaMono-ExtraLight.ttf",
    "CascadiaCode/ttf/static/CascadiaMono-ExtraLightItalic.ttf",
    "CascadiaCode/ttf/static/CascadiaMono-Italic.ttf",
    "CascadiaCode/ttf/static/CascadiaMono-Light.ttf",
    "CascadiaCode/ttf/static/CascadiaMono-LightItalic.ttf",
    "CascadiaCode/ttf/static/CascadiaMono-Regular.ttf",
    "CascadiaCode/ttf/static/CascadiaMono-SemiBold.ttf",
    "CascadiaCode/ttf/static/CascadiaMono-SemiBoldItalic.ttf",
    "CascadiaCode/ttf/static/CascadiaMono-SemiLight.ttf",
    "CascadiaCode/ttf/static/CascadiaMono-SemiLightItalic.ttf",
    "CascadiaCode/ttf/static/CascadiaMonoNF-Bold.ttf",
    "CascadiaCode/ttf/static/CascadiaMonoNF-BoldItalic.ttf",
    "CascadiaCode/ttf/static/CascadiaMonoNF-ExtraLight.ttf",
    "CascadiaCode/ttf/static/CascadiaMonoNF-ExtraLightItalic.ttf",
    "CascadiaCode/ttf/static/CascadiaMonoNF-Italic.ttf",
    "CascadiaCode/ttf/static/CascadiaMonoNF-Light.ttf",
    "CascadiaCode/ttf/static/CascadiaMonoNF-LightItalic.ttf",
    "CascadiaCode/ttf/static/CascadiaMonoNF-Regular.ttf",
    "CascadiaCode/ttf/static/CascadiaMonoNF-SemiBold.ttf",
    "CascadiaCode/ttf/static/CascadiaMonoNF-SemiBoldItalic.ttf",
    "CascadiaCode/ttf/static/CascadiaMonoNF-SemiLight.ttf",
    "CascadiaCode/ttf/static/CascadiaMonoNF-SemiLightItalic.ttf",
    "CascadiaCode/ttf/static/CascadiaMonoPL-Bold.ttf",
    "CascadiaCode/ttf/static/CascadiaMonoPL-BoldItalic.ttf",
    "CascadiaCode/ttf/static/CascadiaMonoPL-ExtraLight.ttf",
    "CascadiaCode/ttf/static/CascadiaMonoPL-ExtraLightItalic.ttf",
    "CascadiaCode/ttf/static/CascadiaMonoPL-Italic.ttf",
    "CascadiaCode/ttf/static/CascadiaMonoPL-Light.ttf",
    "CascadiaCode/ttf/static/CascadiaMonoPL-LightItalic.ttf",
    "CascadiaCode/ttf/static/CascadiaMonoPL-Regular.ttf",
    "CascadiaCode/ttf/static/CascadiaMonoPL-SemiBold.ttf",
    "CascadiaCode/ttf/static/CascadiaMonoPL-SemiBoldItalic.ttf",
    "CascadiaCode/ttf/static/CascadiaMonoPL-SemiLight.ttf",
    "CascadiaCode/ttf/static/CascadiaMonoPL-SemiLightItalic.ttf",
    "HankenGrotesk/HankenGrotesk-Black.ttf",
    "HankenGrotesk/HankenGrotesk-BlackItalic.ttf",
    "HankenGrotesk/HankenGrotesk-Bold.ttf",
    "HankenGrotesk/HankenGrotesk-BoldItalic.ttf",
    "HankenGrotesk/HankenGrotesk-ExtraBold.ttf",
    "HankenGrotesk/HankenGrotesk-ExtraBoldItalic.ttf",
    "HankenGrotesk/HankenGrotesk-ExtraLight.ttf",
    "HankenGrotesk/HankenGrotesk-ExtraLightItalic.ttf",
    "HankenGrotesk/HankenGrotesk-Italic.ttf",
    "HankenGrotesk/HankenGrotesk-Light.ttf",
    "HankenGrotesk/HankenGrotesk-LightItalic.ttf",
    "HankenGrotesk/HankenGrotesk-Medium.ttf",
    "HankenGrotesk/HankenGrotesk-MediumItalic.ttf",
    "HankenGrotesk/HankenGrotesk-Regular.ttf",
    "HankenGrotesk/HankenGrotesk-SemiBold.ttf",
    "HankenGrotesk/HankenGrotesk-SemiBoldItalic.ttf",
    "HankenGrotesk/HankenGrotesk-Thin.ttf",
    "HankenGrotesk/HankenGrotesk-ThinItalic.ttf"
  ]
}
